
Microsoft Visual Studio Solution File, Format Version 12.00
# Visual Studio Version 16
VisualStudioVersion = 16.0.30907.101
MinimumVisualStudioVersion = 10.0.40219.1
Project("{FAE04EC0-301F-11D3-BF4B-00C04F79EFBC}") = "testtrackbar", "testtrackbar\testtrackbar.csproj", "{3D2313C8-D0DB-4B00-B633-54229FB67862}"
EndProject
Global
	GlobalSection(SolutionConfigurationPlatforms) = preSolution
		Debug|Any CPU = Debug|Any CPU
		Release|Any CPU = Release|Any CPU
	EndGlobalSection
	GlobalSection(ProjectConfigurationPlatforms) = postSolution
		{3D2313C8-D0DB-4B00-B633-54229FB67862}.Debug|Any CPU.ActiveCfg = Debug|Any CPU
		{3D2313C8-D0DB-4B00-B633-54229FB67862}.Debug|Any CPU.Build.0 = Debug|Any CPU
		{3D2313C8-D0DB-4B00-B633-54229FB67862}.Release|Any CPU.ActiveCfg = Release|Any CPU
		{3D2313C8-D0DB-4B00-B633-54229FB67862}.Release|Any CPU.Build.0 = Release|Any CPU
	EndGlobalSection
	GlobalSection(SolutionProperties) = preSolution
		HideSolutionNode = FALSE
	EndGlobalSection
	GlobalSection(ExtensibilityGlobals) = postSolution
		SolutionGuid = {BAA1E0E8-7268-4189-BC3D-BECF3336C4FB}
	EndGlobalSection
EndGlobal
